# This file is autogenerated, do not edit; changes may be undone by the next 'dep ensure'.


[[projects]]
  name = "github.com/braintree/manners"
  packages = ["."]
  revision = "0b5e6b2c2843f4c83c2a40f96980b09cf4af733c"
  version = "0.4.0"

[[projects]]
  branch = "master"
  name = "github.com/gin-contrib/sse"
  packages = ["."]
  revision = "22d885f9ecc78bf4ee5d72b937e4bbcdc58e8cae"

[[projects]]
  branch = "master"
  name = "github.com/gin-gonic/contrib"
  packages = ["gzip"]
  revision = "6ea35d32286ce194572a0dc2a3398aac0091228d"

[[projects]]
  name = "github.com/gin-gonic/gin"
  packages = [
    ".",
    "binding",
    "render"
  ]
  revision = "d459835d2b077e44f7c9b453505ee29881d5d12d"
  version = "v1.2"

[[projects]]
  name = "github.com/go-gorp/gorp"
  packages = ["."]
  revision = "4df78490a9aa9a78b9b02b0c913df8dc1954faee"
  version = "2.1"

[[projects]]
  name = "github.com/go-sql-driver/mysql"
  packages = ["."]
  revision = "d523deb1b23d913de5bdada721a6071e71283618"
  version = "v1.4.0"

[[projects]]
  name = "github.com/golang/protobuf"
  packages = ["proto"]
  revision = "5a0f697c9ed9d68fef0116532c6e05cfeae00e55"

[[projects]]
  name = "github.com/jbowtie/gokogiri"
  packages = ["xml"]
  revision = "a79a377719ed7307bd4016dfeb928886a9664406"
  version = "4.7.32"

[[projects]]
  name = "github.com/jbowtie/ratago"
  packages = ["xslt"]
  revision = "52847d58250190734ea48a65899a4156ce5bf690"
  version = "v0.4-pre"

[[projects]]
  name = "github.com/mattes/migrate"
  packages = [
    ".",
    "database",
    "database/mysql",
    "source"
  ]
  revision = "035c07716cd373d88456ec4d701402df52584cb4"
  version = "v3.0.1"

[[projects]]
  name = "github.com/mattn/go-isatty"
  packages = ["."]
  revision = "57fdcb988a5c543893cc61bce354a6e24ab70022"

[[projects]]
  name = "github.com/moovweb/gokogiri"
  packages = [
    "xml",
    "xpath"
  ]
  revision = "01934aae410bb84239223d7640da19526910d039"
  version = "5.999.253"

[[projects]]
  branch = "master"
  name = "github.com/orcaman/writerseeker"
  packages = ["."]
  revision = "bec89464ed15e03d2ecd9145eb0669eabbc42d49"

[[projects]]
  name = "github.com/ugorji/go"
  packages = ["codec"]
  revision = "c88ee250d0221a57af388746f5cf03768c21d6e2"

[[projects]]
  name = "github.com/unidoc/unidoc"
  packages = [
    "common",
    "common/license",
    "pdf/contentstream",
    "pdf/contentstream/draw",
    "pdf/core",
    "pdf/creator",
    "pdf/model",
    "pdf/model/fonts",
    "pdf/model/sampling",
    "pdf/model/textencoding",
    "pdf/ps"
  ]
  revision = "817ea404b9592ca684ca101ec4de2ebd2c4792ef"
  version = "v2.1.0"

[[projects]]
  branch = "master"
  name = "golang.org/x/image"
  packages = ["tiff/lzw"]
  revision = "af66defab954cb421ca110193eed9477c8541e2a"

[[projects]]
  branch = "master"
  name = "golang.org/x/sys"
  packages = ["unix"]
  revision = "a9e25c09b96b8870693763211309e213c6ef299d"

[[projects]]
  name = "google.golang.org/appengine"
  packages = ["cloudsql"]
  revision = "150dc57a1b433e64154302bdc40b6bb8aefa313a"
  version = "v1.0.0"

[[projects]]
  name = "gopkg.in/go-playground/validator.v8"
  packages = ["."]
  revision = "5f57d2222ad794d0dffb07e664ea05e2ee07d60c"
  version = "v8.18.1"

[[projects]]
  name = "gopkg.in/yaml.v2"
  packages = ["."]
  revision = "5420a8b6744d3b0345ab293f6fcba19c978f1183"
  version = "v2.2.1"

[solve-meta]
  analyzer-name = "dep"
  analyzer-version = 1
  inputs-digest = "4671c737c133c346561560ae8c9cd3667da3c3e84a795489685830882ddfd80e"
  solver-name = "gps-cdcl"
  solver-version = 1
